
Microsoft Visual Studio Solution File, Format Version 12.00
# Visual Studio Version 17
VisualStudioVersion = 17.4.33205.214
MinimumVisualStudioVersion = 10.0.40219.1
Project("{FAE04EC0-301F-11D3-BF4B-00C04F79EFBC}") = "01. Encrypt, Sort and Print Array", "01. Encrypt, Sort and Print Array\01. Encrypt, Sort and Print Array.csproj", "{3FC63B28-F44F-45CE-B2E7-6B8AECE5AC2C}"
EndProject
Project("{FAE04EC0-301F-11D3-BF4B-00C04F79EFBC}") = "02. Pascal Triangle", "02. Pascal Triangle\02. Pascal Triangle.csproj", "{B47BF3A9-3DC8-4754-A7BD-4C9FFBCB1792}"
EndProject
Project("{FAE04EC0-301F-11D3-BF4B-00C04F79EFBC}") = "03. Recursive Fibonacci", "03. Recursive Fibonacci\03. Recursive Fibonacci.csproj", "{B3C803C3-9080-4121-B418-1BBA0EA42E4B}"
EndProject
Project("{FAE04EC0-301F-11D3-BF4B-00C04F79EFBC}") = "04. Fold and Sum", "04. Fold and Sum\04. Fold and Sum.csproj", "{ECE0BD56-49AD-4FEA-AB3C-5FC24B34FB0F}"
EndProject
Project("{FAE04EC0-301F-11D3-BF4B-00C04F79EFBC}") = "05. Longest Increasing Subsequence", "05. Longest Increasing Subsequence\05. Longest Increasing Subsequence.csproj", "{40D6E4AA-A77D-4ECD-A07C-B358A0209F83}"
EndProject
Global
	GlobalSection(SolutionConfigurationPlatforms) = preSolution
		Debug|Any CPU = Debug|Any CPU
		Release|Any CPU = Release|Any CPU
	EndGlobalSection
	GlobalSection(ProjectConfigurationPlatforms) = postSolution
		{3FC63B28-F44F-45CE-B2E7-6B8AECE5AC2C}.Debug|Any CPU.ActiveCfg = Debug|Any CPU
		{3FC63B28-F44F-45CE-B2E7-6B8AECE5AC2C}.Debug|Any CPU.Build.0 = Debug|Any CPU
		{3FC63B28-F44F-45CE-B2E7-6B8AECE5AC2C}.Release|Any CPU.ActiveCfg = Release|Any CPU
		{3FC63B28-F44F-45CE-B2E7-6B8AECE5AC2C}.Release|Any CPU.Build.0 = Release|Any CPU
		{B47BF3A9-3DC8-4754-A7BD-4C9FFBCB1792}.Debug|Any CPU.ActiveCfg = Debug|Any CPU
		{B47BF3A9-3DC8-4754-A7BD-4C9FFBCB1792}.Debug|Any CPU.Build.0 = Debug|Any CPU
		{B47BF3A9-3DC8-4754-A7BD-4C9FFBCB1792}.Release|Any CPU.ActiveCfg = Release|Any CPU
		{B47BF3A9-3DC8-4754-A7BD-4C9FFBCB1792}.Release|Any CPU.Build.0 = Release|Any CPU
		{B3C803C3-9080-4121-B418-1BBA0EA42E4B}.Debug|Any CPU.ActiveCfg = Debug|Any CPU
		{B3C803C3-9080-4121-B418-1BBA0EA42E4B}.Debug|Any CPU.Build.0 = Debug|Any CPU
		{B3C803C3-9080-4121-B418-1BBA0EA42E4B}.Release|Any CPU.ActiveCfg = Release|Any CPU
		{B3C803C3-9080-4121-B418-1BBA0EA42E4B}.Release|Any CPU.Build.0 = Release|Any CPU
		{ECE0BD56-49AD-4FEA-AB3C-5FC24B34FB0F}.Debug|Any CPU.ActiveCfg = Debug|Any CPU
		{ECE0BD56-49AD-4FEA-AB3C-5FC24B34FB0F}.Debug|Any CPU.Build.0 = Debug|Any CPU
		{ECE0BD56-49AD-4FEA-AB3C-5FC24B34FB0F}.Release|Any CPU.ActiveCfg = Release|Any CPU
		{ECE0BD56-49AD-4FEA-AB3C-5FC24B34FB0F}.Release|Any CPU.Build.0 = Release|Any CPU
		{40D6E4AA-A77D-4ECD-A07C-B358A0209F83}.Debug|Any CPU.ActiveCfg = Debug|Any CPU
		{40D6E4AA-A77D-4ECD-A07C-B358A0209F83}.Debug|Any CPU.Build.0 = Debug|Any CPU
		{40D6E4AA-A77D-4ECD-A07C-B358A0209F83}.Release|Any CPU.ActiveCfg = Release|Any CPU
		{40D6E4AA-A77D-4ECD-A07C-B358A0209F83}.Release|Any CPU.Build.0 = Release|Any CPU
	EndGlobalSection
	GlobalSection(SolutionProperties) = preSolution
		HideSolutionNode = FALSE
	EndGlobalSection
	GlobalSection(ExtensibilityGlobals) = postSolution
		SolutionGuid = {A544AB9B-A27D-4257-8926-4CB401621EBB}
	EndGlobalSection
EndGlobal
